<?xml version="1.0" encoding="UTF-8"?>
<CONFIG>
  <ProjectOptions>
    <Version Value="12"/>
    <PathDelim Value="\"/>
    <General>
      <Flags>
        <CompatibilityMode Value="True"/>
      </Flags>
      <Title Value="PSDesigner"/>
      <ResourceType Value="res"/>
      <UseXPManifest Value="True"/>
      <Icon Value="0"/>
    </General>
    <i18n>
      <EnableI18N LFM="False"/>
    </i18n>
    <BuildModes Count="8" Active="Linux64_Gtk2_Debug">
      <Item1 Name="Linux64_Gtk2_Debug" Default="True"/>
      <Item2 Name="Linux64_Gtk2_Release">
        <CompilerOptions>
          <Version Value="11"/>
          <PathDelim Value="\"/>
          <Target>
            <Filename Value="..\bin\$(TargetCPU)-$(TargetOS)-gtk2-release\PSDesigner_$(TargetCPU)-$(TargetOS)"/>
          </Target>
          <SearchPaths>
            <IncludeFiles Value="$(ProjOutDir)"/>
            <OtherUnitFiles Value="designer;editor\Imports;editor;common"/>
            <UnitOutputDirectory Value="..\lib\$(TargetCPU)-$(TargetOS).release"/>
          </SearchPaths>
          <CodeGeneration>
            <TargetCPU Value="x86_64"/>
            <TargetOS Value="linux"/>
          </CodeGeneration>
          <Linking>
            <Debugging>
              <DebugInfoType Value="dsDwarf2Set"/>
            </Debugging>
          </Linking>
        </CompilerOptions>
      </Item2>
      <Item3 Name="Linux32_Gtk2_Debug">
        <CompilerOptions>
          <Version Value="11"/>
          <PathDelim Value="\"/>
          <Target>
            <Filename Value="..\bin\$(TargetCPU)-$(TargetOS)-gtk2-debug\PSDesigner_$(TargetCPU)-$(TargetOS)"/>
          </Target>
          <SearchPaths>
            <IncludeFiles Value="$(ProjOutDir)"/>
            <OtherUnitFiles Value="designer;editor\Imports;editor;common"/>
            <UnitOutputDirectory Value="..\lib\$(TargetCPU)-$(TargetOS)-debug"/>
          </SearchPaths>
          <CodeGeneration>
            <TargetCPU Value="i386"/>
            <TargetOS Value="linux"/>
          </CodeGeneration>
          <Linking>
            <Debugging>
              <DebugInfoType Value="dsDwarf2Set"/>
            </Debugging>
          </Linking>
        </CompilerOptions>
      </Item3>
      <Item4 Name="Linux32_Gtk2_Release">
        <CompilerOptions>
          <Version Value="11"/>
          <PathDelim Value="\"/>
          <Target>
            <Filename Value="..\bin\$(TargetCPU)-$(TargetOS)-gtk2-release\PSDesigner_$(TargetCPU)-$(TargetOS)"/>
          </Target>
          <SearchPaths>
            <IncludeFiles Value="$(ProjOutDir)"/>
            <OtherUnitFiles Value="designer;editor\Imports;editor;common"/>
            <UnitOutputDirectory Value="..\lib\$(TargetCPU)-$(TargetOS)-release"/>
          </SearchPaths>
          <CodeGeneration>
            <TargetCPU Value="i386"/>
            <TargetOS Value="linux"/>
          </CodeGeneration>
          <Linking>
            <Debugging>
              <DebugInfoType Value="dsDwarf2Set"/>
            </Debugging>
          </Linking>
        </CompilerOptions>
      </Item4>
      <Item5 Name="Win64_Win_Debug">
        <CompilerOptions>
          <Version Value="11"/>
          <PathDelim Value="\"/>
          <Target>
            <Filename Value="..\bin\$(TargetCPU)-$(TargetOS)-win-debug\PSDesigner_$(TargetCPU)-$(TargetOS)"/>
          </Target>
          <SearchPaths>
            <IncludeFiles Value="$(ProjOutDir)"/>
            <OtherUnitFiles Value="designer;editor\Imports;editor;common"/>
            <UnitOutputDirectory Value="..\lib\$(TargetCPU)-$(TargetOS)-debug"/>
          </SearchPaths>
          <CodeGeneration>
            <TargetCPU Value="x86_64"/>
            <TargetOS Value="win64"/>
          </CodeGeneration>
          <Linking>
            <Debugging>
              <DebugInfoType Value="dsDwarf2Set"/>
            </Debugging>
            <Options>
              <Win32>
                <GraphicApplication Value="True"/>
              </Win32>
            </Options>
          </Linking>
        </CompilerOptions>
      </Item5>
      <Item6 Name="Win64_Win_Release">
        <CompilerOptions>
          <Version Value="11"/>
          <PathDelim Value="\"/>
          <Target>
            <Filename Value="..\bin\$(TargetCPU)-$(TargetOS)-win-release\PSDesigner_$(TargetCPU)-$(TargetOS)"/>
          </Target>
          <SearchPaths>
            <IncludeFiles Value="$(ProjOutDir)"/>
            <OtherUnitFiles Value="designer;editor\Imports;editor;common"/>
            <UnitOutputDirectory Value="..\lib\$(TargetCPU)-$(TargetOS)-release"/>
          </SearchPaths>
          <CodeGeneration>
            <TargetCPU Value="x86_64"/>
            <TargetOS Value="win64"/>
          </CodeGeneration>
          <Linking>
            <Debugging>
              <DebugInfoType Value="dsDwarf2Set"/>
            </Debugging>
            <Options>
              <Win32>
                <GraphicApplication Value="True"/>
              </Win32>
            </Options>
          </Linking>
        </CompilerOptions>
      </Item6>
      <Item7 Name="Win32_Win_Debug">
        <CompilerOptions>
          <Version Value="11"/>
          <PathDelim Value="\"/>
          <Target>
            <Filename Value="..\bin\$(TargetCPU)-$(TargetOS)-win-debug\PSDesigner_$(TargetCPU)-$(TargetOS)" ApplyConventions="False"/>
          </Target>
          <SearchPaths>
            <IncludeFiles Value="$(ProjOutDir)"/>
            <OtherUnitFiles Value="designer;editor\Imports;editor;common"/>
            <UnitOutputDirectory Value="..\lib\$(TargetCPU)-$(TargetOS)-debug"/>
          </SearchPaths>
          <CodeGeneration>
            <TargetCPU Value="i386"/>
            <TargetOS Value="win32"/>
          </CodeGeneration>
          <Linking>
            <Debugging>
              <DebugInfoType Value="dsDwarf2Set"/>
            </Debugging>
            <Options>
              <Win32>
                <GraphicApplication Value="True"/>
              </Win32>
            </Options>
          </Linking>
          <Other>
            <ExecuteBefore>
              <Command Value="wine ..\bin\$(TargetCPU)-$(TargetOS)-win-debug\PSDesigner_$(TargetCPU)-$(TargetOS)"/>
              <CompileReasons Compile="False" Build="False"/>
            </ExecuteBefore>
            <ExecuteAfter>
              <CompileReasons Run="False"/>
            </ExecuteAfter>
          </Other>
        </CompilerOptions>
      </Item7>
      <Item8 Name="Win32_Win_Release">
        <CompilerOptions>
          <Version Value="11"/>
          <PathDelim Value="\"/>
          <Target>
            <Filename Value="..\bin\$(TargetCPU)-$(TargetOS)-win-release\PSDesigner_$(TargetCPU)-$(TargetOS)"/>
          </Target>
          <SearchPaths>
            <IncludeFiles Value="$(ProjOutDir)"/>
            <OtherUnitFiles Value="designer;editor\Imports;editor;common"/>
            <UnitOutputDirectory Value="..\lib\$(TargetCPU)-$(TargetOS)-release"/>
          </SearchPaths>
          <CodeGeneration>
            <TargetCPU Value="i386"/>
            <TargetOS Value="win32"/>
          </CodeGeneration>
          <Linking>
            <Debugging>
              <DebugInfoType Value="dsDwarf2Set"/>
            </Debugging>
            <Options>
              <Win32>
                <GraphicApplication Value="True"/>
              </Win32>
            </Options>
          </Linking>
          <Other>
            <ExecuteBefore>
              <Command Value="wine ..\bin\$(TargetCPU)-$(TargetOS)-win-release\PSDesigner_$(TargetCPU)-$(TargetOS)"/>
              <CompileReasons Compile="False" Build="False"/>
            </ExecuteBefore>
          </Other>
        </CompilerOptions>
      </Item8>
    </BuildModes>
    <PublishOptions>
      <Version Value="2"/>
    </PublishOptions>
    <RunParams>
      <FormatVersion Value="2"/>
      <Modes Count="1">
        <Mode0 Name="default"/>
      </Modes>
    </RunParams>
    <RequiredPackages Count="8">
      <Item1>
        <PackageName Value="pascalscriptfcl"/>
      </Item1>
      <Item2>
        <PackageName Value="cadsys"/>
      </Item2>
      <Item3>
        <PackageName Value="Printer4Lazarus"/>
      </Item3>
      <Item4>
        <PackageName Value="SynEdit"/>
      </Item4>
      <Item5>
        <PackageName Value="pascalscript"/>
      </Item5>
      <Item6>
        <PackageName Value="RunTimeTypeInfoControls"/>
      </Item6>
      <Item7>
        <PackageName Value="jvRuntimeDesign"/>
        <MinVersion Valid="True"/>
      </Item7>
      <Item8>
        <PackageName Value="LCL"/>
      </Item8>
    </RequiredPackages>
    <Units Count="48">
      <Unit0>
        <Filename Value="PSDesigner.lpr"/>
        <IsPartOfProject Value="True"/>
        <CursorPos Y="27"/>
        <UsageCount Value="193"/>
        <Loaded Value="True"/>
      </Unit0>
      <Unit1>
        <Filename Value="designer\designer.pas"/>
        <IsPartOfProject Value="True"/>
        <ComponentName Value="MainForm"/>
        <HasResources Value="True"/>
        <ResourceBaseClass Value="Form"/>
        <EditorIndex Value="1"/>
        <TopLine Value="576"/>
        <CursorPos X="68" Y="599"/>
        <UsageCount Value="193"/>
        <Loaded Value="True"/>
        <LoadedDesigner Value="True"/>
      </Unit1>
      <Unit2>
        <Filename Value="..\..\jvdesignsurface.pas"/>
        <UnitName Value="JvDesignSurface"/>
        <EditorIndex Value="-1"/>
        <TopLine Value="642"/>
        <CursorPos X="40" Y="644"/>
        <UsageCount Value="79"/>
      </Unit2>
      <Unit3>
        <Filename Value="..\..\jvresources.pas"/>
        <UnitName Value="JvResources"/>
        <TopLine Value="148"/>
        <CursorPos X="17" Y="164"/>
        <UsageCount Value="4"/>
      </Unit3>
      <Unit4>
        <Filename Value="..\..\..\codetools\laz2_xmlwrite.pas"/>
        <UnitName Value="laz2_XMLWrite"/>
        <TopLine Value="172"/>
        <CursorPos X="25" Y="187"/>
        <UsageCount Value="7"/>
      </Unit4>
      <Unit5>
        <Filename Value="..\..\..\..\fpc\2.4.3\source\rtl\win32\system.pp"/>
        <UnitName Value="System"/>
        <TopLine Value="51"/>
        <CursorPos X="3" Y="66"/>
        <UsageCount Value="2"/>
      </Unit5>
      <Unit6>
        <Filename Value="..\E:\sw\laz_jvdesigner\mainunit.pas"/>
        <ComponentName Value="Form1"/>
        <HasResources Value="True"/>
        <ResourceBaseClass Value="Form"/>
        <UnitName Value="mainUnit"/>
        <TopLine Value="106"/>
        <CursorPos Y="120"/>
        <UsageCount Value="7"/>
      </Unit6>
      <Unit7>
        <Filename Value="..\..\..\..\designer\controlselection.pp"/>
        <UnitName Value="ControlSelection"/>
        <TopLine Value="1252"/>
        <CursorPos X="3" Y="1257"/>
        <UsageCount Value="7"/>
      </Unit7>
      <Unit8>
        <Filename Value="..\..\..\..\lcl\controls.pp"/>
        <UnitName Value="Controls"/>
        <TopLine Value="1947"/>
        <CursorPos X="15" Y="1733"/>
        <UsageCount Value="7"/>
      </Unit8>
      <Unit9>
        <Filename Value="..\..\..\..\fpc\2.4.3\source\packages\fcl-db\src\dbase\dbf_idxfile.pas"/>
        <TopLine Value="1226"/>
        <CursorPos X="31" Y="1236"/>
        <UsageCount Value="7"/>
      </Unit9>
      <Unit10>
        <Filename Value="..\..\jvdesignimp.pas"/>
        <UnitName Value="JvDesignImp"/>
        <EditorIndex Value="-1"/>
        <TopLine Value="1298"/>
        <CursorPos Y="1481"/>
        <UsageCount Value="15"/>
        <Bookmarks Count="1">
          <Item0 X="23" Y="363" ID="1"/>
        </Bookmarks>
      </Unit10>
      <Unit11>
        <Filename Value="..\..\..\..\lcl\include\control.inc"/>
        <TopLine Value="1577"/>
        <CursorPos Y="1593"/>
        <UsageCount Value="1"/>
      </Unit11>
      <Unit12>
        <Filename Value="..\..\jvdesignutils.pas"/>
        <UnitName Value="JvDesignUtils"/>
        <EditorIndex Value="-1"/>
        <TopLine Value="7"/>
        <CursorPos X="19" Y="10"/>
        <UsageCount Value="4"/>
      </Unit12>
      <Unit13>
        <Filename Value="..\..\jvdesignclip.pas"/>
        <UnitName Value="JvDesignClip"/>
        <EditorIndex Value="-1"/>
        <TopLine Value="2"/>
        <CursorPos X="25" Y="2"/>
        <UsageCount Value="4"/>
      </Unit13>
      <Unit14>
        <Filename Value="..\..\..\..\..\Programme\Lazarus\2.2.6\lazarus\lcl\include\customform.inc"/>
        <EditorIndex Value="-1"/>
        <TopLine Value="193"/>
        <CursorPos X="42" Y="201"/>
        <UsageCount Value="5"/>
      </Unit14>
      <Unit15>
        <Filename Value="..\..\..\..\..\Programme\Lazarus\2.2.6\lazarus\lcl\include\wincontrol.inc"/>
        <EditorIndex Value="-1"/>
        <TopLine Value="5132"/>
        <CursorPos Y="5145"/>
        <UsageCount Value="5"/>
      </Unit15>
      <Unit16>
        <Filename Value="..\..\..\..\..\Programme\Lazarus\2.2.6\lazarus\lcl\editbtn.pas"/>
        <UnitName Value="EditBtn"/>
        <EditorIndex Value="-1"/>
        <TopLine Value="1181"/>
        <CursorPos X="31" Y="1194"/>
        <UsageCount Value="2"/>
      </Unit16>
      <Unit17>
        <Filename Value="..\..\..\..\..\Programme\Lazarus_2.2.6_new\config_lazarus\onlinepackagemanager\packages\BGRAControls\bgradialogs.pas"/>
        <UnitName Value="BGRADialogs"/>
        <EditorIndex Value="-1"/>
        <TopLine Value="402"/>
        <CursorPos X="7" Y="420"/>
        <UsageCount Value="2"/>
      </Unit17>
      <Unit18>
        <Filename Value="editor\ide_editor.pas"/>
        <IsPartOfProject Value="True"/>
        <ComponentName Value="IDE"/>
        <HasResources Value="True"/>
        <ResourceBaseClass Value="Form"/>
        <EditorIndex Value="7"/>
        <TopLine Value="4"/>
        <CursorPos X="14" Y="19"/>
        <UsageCount Value="148"/>
        <Loaded Value="True"/>
      </Unit18>
      <Unit19>
        <Filename Value="..\editor\Imports\upsi_mathscriptinterface.pas"/>
        <UnitName Value="uPSI_MathScriptinterface"/>
        <EditorIndex Value="-1"/>
        <TopLine Value="49"/>
        <CursorPos X="70" Y="67"/>
        <UsageCount Value="16"/>
      </Unit19>
      <Unit20>
        <Filename Value="..\editor\Imports\upsi_cad2dscripinterface.pas"/>
        <EditorIndex Value="-1"/>
        <TopLine Value="27"/>
        <CursorPos X="36" Y="27"/>
        <UsageCount Value="15"/>
      </Unit20>
      <Unit21>
        <Filename Value="..\editor\Imports\mainscriptinterface.pas"/>
        <EditorIndex Value="-1"/>
        <TopLine Value="4"/>
        <CursorPos X="15" Y="14"/>
        <UsageCount Value="17"/>
      </Unit21>
      <Unit22>
        <Filename Value="..\..\..\..\LazCAD_git\LazCAD\src\components\PascalScript\Source\uPSCompiler.pas"/>
        <EditorIndex Value="-1"/>
        <TopLine Value="13550"/>
        <CursorPos Y="13568"/>
        <UsageCount Value="13"/>
      </Unit22>
      <Unit23>
        <Filename Value="..\editor\Imports\upsi_dialogsscriptinterface.pas"/>
        <UnitName Value="uPSI_DialogsScriptInterface"/>
        <EditorIndex Value="-1"/>
        <TopLine Value="187"/>
        <CursorPos X="52" Y="194"/>
        <UsageCount Value="13"/>
      </Unit23>
      <Unit24>
        <Filename Value="..\..\..\..\LazCAD_git\LazCAD\src\components\PascalScript\Source\uPSComponent.pas"/>
        <EditorIndex Value="-1"/>
        <TopLine Value="1442"/>
        <CursorPos X="68" Y="1448"/>
        <UsageCount Value="12"/>
      </Unit24>
      <Unit25>
        <Filename Value="..\..\..\..\..\Programme\Lazarus_2.2.6_new\lazarus\lcl\extdlgs.pas"/>
        <UnitName Value="ExtDlgs"/>
        <EditorIndex Value="-1"/>
        <TopLine Value="115"/>
        <CursorPos X="3" Y="132"/>
        <UsageCount Value="12"/>
      </Unit25>
      <Unit26>
        <Filename Value="..\editor\formcodegenerator.pas"/>
        <UnitName Value="FormCodeGenerator"/>
        <EditorIndex Value="-1"/>
        <TopLine Value="13"/>
        <CursorPos X="45" Y="13"/>
        <UsageCount Value="35"/>
      </Unit26>
      <Unit27>
        <Filename Value="..\..\..\..\..\Programme\Lazarus_2.2.6_new\lazarus\lcl\forms.pp"/>
        <UnitName Value="Forms"/>
        <EditorIndex Value="-1"/>
        <TopLine Value="1766"/>
        <CursorPos X="60" Y="1790"/>
        <UsageCount Value="11"/>
      </Unit27>
      <Unit28>
        <Filename Value="..\..\..\..\..\Programme\Lazarus_2.2.6_new\lazarus\components\ideintf\objectinspector.pp"/>
        <UnitName Value="ObjectInspector"/>
        <EditorIndex Value="-1"/>
        <TopLine Value="549"/>
        <CursorPos X="14" Y="564"/>
        <UsageCount Value="4"/>
      </Unit28>
      <Unit29>
        <Filename Value="..\..\..\..\LazCAD_git\LazCAD\src\components\PascalScript\Source\uPSDebugger.pas"/>
        <EditorIndex Value="-1"/>
        <TopLine Value="106"/>
        <CursorPos X="25" Y="106"/>
        <UsageCount Value="4"/>
      </Unit29>
      <Unit30>
        <Filename Value="..\..\..\..\LazCAD_git\LazCAD\src\components\PascalScript\Source\uPSUtils.pas"/>
        <EditorIndex Value="-1"/>
        <TopLine Value="915"/>
        <CursorPos Y="933"/>
        <UsageCount Value="3"/>
      </Unit30>
      <Unit31>
        <Filename Value="..\..\..\..\LazCAD_git\LazCAD\src\components\PascalScript\Source\x86.inc"/>
        <EditorIndex Value="-1"/>
        <UsageCount Value="1"/>
      </Unit31>
      <Unit32>
        <Filename Value="..\..\..\..\..\Programme\Lazarus_2.2.6_new\lazarus\components\PascalScript\Source\uPSDebugger.pas"/>
        <EditorIndex Value="-1"/>
        <TopLine Value="138"/>
        <CursorPos X="22" Y="141"/>
        <UsageCount Value="1"/>
      </Unit32>
      <Unit33>
        <Filename Value="..\..\..\..\..\Programme\Lazarus_2.2.6_new\lazarus\components\PascalScript\Source\uPSComponent.pas"/>
        <EditorIndex Value="-1"/>
        <TopLine Value="317"/>
        <CursorPos X="9" Y="332"/>
        <UsageCount Value="2"/>
      </Unit33>
      <Unit34>
        <Filename Value="..\..\..\PascalScript\Source\uPSCompiler.pas"/>
        <EditorIndex Value="-1"/>
        <TopLine Value="13550"/>
        <CursorPos X="24" Y="13560"/>
        <UsageCount Value="2"/>
      </Unit34>
      <Unit35>
        <Filename Value="common\ucodegenerator.pas"/>
        <IsPartOfProject Value="True"/>
        <UnitName Value="uCodeGenerator"/>
        <IsVisibleTab Value="True"/>
        <EditorIndex Value="2"/>
        <TopLine Value="64"/>
        <CursorPos X="22" Y="67"/>
        <UsageCount Value="108"/>
        <Loaded Value="True"/>
      </Unit35>
      <Unit36>
        <Filename Value="..\..\..\..\..\..\..\Programme\Lazarus_2.2.6_new\lazarus\components\ideintf\objectinspector.pp"/>
        <ComponentName Value="ObjectInspectorDlg"/>
        <HasResources Value="True"/>
        <ResourceBaseClass Value="Form"/>
        <UnitName Value="ObjectInspector"/>
        <EditorIndex Value="3"/>
        <TopLine Value="599"/>
        <CursorPos X="33" Y="634"/>
        <UsageCount Value="22"/>
        <Loaded Value="True"/>
      </Unit36>
      <Unit37>
        <Filename Value="..\..\..\..\..\..\..\Programme\Lazarus_2.2.6_new\fpcsrc\rtl\objpas\classes\classesh.inc"/>
        <EditorIndex Value="5"/>
        <TopLine Value="411"/>
        <CursorPos X="3" Y="429"/>
        <UsageCount Value="27"/>
        <Loaded Value="True"/>
      </Unit37>
      <Unit38>
        <Filename Value="..\..\..\..\..\..\..\Programme\Lazarus_2.2.6_new\lazarus\lcl\controls.pp"/>
        <UnitName Value="Controls"/>
        <EditorIndex Value="4"/>
        <TopLine Value="1723"/>
        <CursorPos X="14" Y="1739"/>
        <UsageCount Value="25"/>
        <Loaded Value="True"/>
      </Unit38>
      <Unit39>
        <Filename Value="..\..\components\jvdesign\jvdesignsurface.pas"/>
        <UnitName Value="JvDesignSurface"/>
        <EditorIndex Value="6"/>
        <TopLine Value="205"/>
        <CursorPos X="14" Y="220"/>
        <UsageCount Value="47"/>
        <Loaded Value="True"/>
      </Unit39>
      <Unit40>
        <Filename Value="..\..\components\jvdesign\jvdesignutils.pas"/>
        <UnitName Value="JvDesignUtils"/>
        <EditorIndex Value="-1"/>
        <TopLine Value="73"/>
        <CursorPos X="26" Y="108"/>
        <UsageCount Value="7"/>
      </Unit40>
      <Unit41>
        <Filename Value="..\..\components\jvdesign\jvdesignimp.pas"/>
        <UnitName Value="JvDesignImp"/>
        <EditorIndex Value="-1"/>
        <TopLine Value="6"/>
        <CursorPos X="65" Y="21"/>
        <UsageCount Value="25"/>
      </Unit41>
      <Unit42>
        <Filename Value="..\..\components\PascalScript\Source\uPSComponent_StdCtrls.pas"/>
        <EditorIndex Value="-1"/>
        <TopLine Value="28"/>
        <CursorPos X="10" Y="28"/>
        <UsageCount Value="8"/>
      </Unit42>
      <Unit43>
        <Filename Value="..\..\components\PascalScript\Source\uPSR_stdctrls.pas"/>
        <EditorIndex Value="-1"/>
        <TopLine Value="25"/>
        <CursorPos X="48" Y="25"/>
        <UsageCount Value="8"/>
      </Unit43>
      <Unit44>
        <Filename Value="..\..\components\jvdesign\tp_register.pas"/>
        <EditorIndex Value="-1"/>
        <UsageCount Value="7"/>
      </Unit44>
      <Unit45>
        <Filename Value="..\..\components\jvdesign\jvconsts.pas"/>
        <UnitName Value="JvConsts"/>
        <EditorIndex Value="-1"/>
        <TopLine Value="169"/>
        <CursorPos X="48" Y="204"/>
        <UsageCount Value="7"/>
      </Unit45>
      <Unit46>
        <Filename Value="..\..\components\jvdesign\jvdesignclip.pas"/>
        <UnitName Value="JvDesignClip"/>
        <EditorIndex Value="-1"/>
        <UsageCount Value="7"/>
      </Unit46>
      <Unit47>
        <Filename Value="..\..\components\jvdesign\jvresources.pas"/>
        <UnitName Value="JvResources"/>
        <EditorIndex Value="-1"/>
        <CursorPos X="64" Y="6"/>
        <UsageCount Value="7"/>
      </Unit47>
    </Units>
    <JumpHistory Count="29" HistoryIndex="28">
      <Position1>
        <Filename Value="designer\designer.pas"/>
        <Caret Line="433" Column="74" TopLine="399"/>
      </Position1>
      <Position2>
        <Filename Value="common\ucodegenerator.pas"/>
        <Caret Line="98" TopLine="86"/>
      </Position2>
      <Position3>
        <Filename Value="designer\designer.pas"/>
        <Caret Line="509" Column="15" TopLine="496"/>
      </Position3>
      <Position4>
        <Filename Value="common\ucodegenerator.pas"/>
        <Caret Line="26" Column="13" TopLine="8"/>
      </Position4>
      <Position5>
        <Filename Value="common\ucodegenerator.pas"/>
        <Caret Line="47" Column="27" TopLine="35"/>
      </Position5>
      <Position6>
        <Filename Value="common\ucodegenerator.pas"/>
        <Caret Line="48" Column="25" TopLine="35"/>
      </Position6>
      <Position7>
        <Filename Value="designer\designer.pas"/>
        <Caret Line="538" Column="14" TopLine="534"/>
      </Position7>
      <Position8>
        <Filename Value="common\ucodegenerator.pas"/>
        <Caret Line="5" Column="16"/>
      </Position8>
      <Position9>
        <Filename Value="common\ucodegenerator.pas"/>
        <Caret Line="36" Column="20" TopLine="11"/>
      </Position9>
      <Position10>
        <Filename Value="common\ucodegenerator.pas"/>
        <Caret Line="29"/>
      </Position10>
      <Position11>
        <Filename Value="common\ucodegenerator.pas"/>
        <Caret Line="57" Column="13" TopLine="37"/>
      </Position11>
      <Position12>
        <Filename Value="common\ucodegenerator.pas"/>
        <Caret Line="26" Column="10" TopLine="16"/>
      </Position12>
      <Position13>
        <Filename Value="common\ucodegenerator.pas"/>
        <Caret Line="31" TopLine="13"/>
      </Position13>
      <Position14>
        <Filename Value="designer\designer.pas"/>
        <Caret Line="550" Column="23" TopLine="540"/>
      </Position14>
      <Position15>
        <Filename Value="common\ucodegenerator.pas"/>
        <Caret Line="13" Column="17" TopLine="7"/>
      </Position15>
      <Position16>
        <Filename Value="common\ucodegenerator.pas"/>
        <Caret Line="75" TopLine="55"/>
      </Position16>
      <Position17>
        <Filename Value="common\ucodegenerator.pas"/>
        <Caret Line="105" TopLine="101"/>
      </Position17>
      <Position18>
        <Filename Value="common\ucodegenerator.pas"/>
        <Caret Line="12"/>
      </Position18>
      <Position19>
        <Filename Value="designer\designer.pas"/>
        <Caret Line="606" Column="24" TopLine="602"/>
      </Position19>
      <Position20>
        <Filename Value="designer\designer.pas"/>
        <Caret Line="727" Column="17" TopLine="698"/>
      </Position20>
      <Position21>
        <Filename Value="designer\designer.pas"/>
        <Caret Line="786" Column="19" TopLine="771"/>
      </Position21>
      <Position22>
        <Filename Value="designer\designer.pas"/>
        <Caret Line="278" Column="28" TopLine="274"/>
      </Position22>
      <Position23>
        <Filename Value="designer\designer.pas"/>
        <Caret Line="12" Column="84"/>
      </Position23>
      <Position24>
        <Filename Value="designer\designer.pas"/>
        <Caret Line="532" Column="34" TopLine="503"/>
      </Position24>
      <Position25>
        <Filename Value="designer\designer.pas"/>
        <Caret Line="534" Column="28" TopLine="505"/>
      </Position25>
      <Position26>
        <Filename Value="designer\designer.pas"/>
        <Caret Line="536" Column="54" TopLine="507"/>
      </Position26>
      <Position27>
        <Filename Value="common\ucodegenerator.pas"/>
        <Caret Line="6" Column="36"/>
      </Position27>
      <Position28>
        <Filename Value="common\ucodegenerator.pas"/>
        <Caret Line="15" Column="34"/>
      </Position28>
      <Position29>
        <Filename Value="common\ucodegenerator.pas"/>
        <Caret Line="82" Column="34" TopLine="53"/>
      </Position29>
    </JumpHistory>
  </ProjectOptions>
  <CompilerOptions>
    <Version Value="11"/>
    <PathDelim Value="\"/>
    <Target>
      <Filename Value="..\bin\$(TargetCPU)-$(TargetOS)-gtk2-debug\PSDesigner_$(TargetCPU)-$(TargetOS)"/>
    </Target>
    <SearchPaths>
      <IncludeFiles Value="$(ProjOutDir)"/>
      <OtherUnitFiles Value="designer;editor\Imports;editor;common"/>
      <UnitOutputDirectory Value="..\lib\$(TargetCPU)-$(TargetOS)-debug"/>
    </SearchPaths>
    <CodeGeneration>
      <TargetCPU Value="x86_64"/>
      <TargetOS Value="linux"/>
    </CodeGeneration>
    <Linking>
      <Debugging>
        <DebugInfoType Value="dsDwarf2Set"/>
      </Debugging>
    </Linking>
  </CompilerOptions>
  <Debugging>
    <Exceptions Count="5">
      <Item1>
        <Name Value="EAbort"/>
      </Item1>
      <Item2>
        <Name Value="ECodetoolError"/>
      </Item2>
      <Item3>
        <Name Value="EFOpenError"/>
      </Item3>
      <Item4>
        <Name Value="EAbstractError"/>
      </Item4>
      <Item5>
        <Name Value="RunError(211)"/>
      </Item5>
    </Exceptions>
  </Debugging>
</CONFIG>
